Microsoft Visual Studio Solution File, Format Version 12.00
# Visual Studio Version 16
VisualStudioVersion = 16.0.29503.13
MinimumVisualStudioVersion = 10.0.40219.1
Project("{FAE04EC0-301F-11D3-BF4B-00C04F79EFBC}") = "PolyWars", "PolyWars\PolyWars.csproj", "{5368CFB8-64D8-455A-B3FF-B55EAEDCC248}"
EndProject
Project("{FAE04EC0-301F-11D3-BF4B-00C04F79EFBC}") = "PolyWars.API", "PolyWars.API\PolyWars.API.csproj", "{FA82403D-7983-4D13-8518-57C16F92D849}"
EndProject
Project("{FAE04EC0-301F-11D3-BF4B-00C04F79EFBC}") = "PolyWars.UnitTests", "PolyWars.UnitTests\PolyWars.UnitTests.csproj", "{703D79EC-CA06-4530-BC4A-33DC91BCDC9C}"
EndProject
Project("{FAE04EC0-301F-11D3-BF4B-00C04F79EFBC}") = "PolyWars.Server", "PolyWars.Server\PolyWars.Server.csproj", "{6505CB68-40D1-459F-82D8-0D2D2A081BAE}"
EndProject
Global
	GlobalSection(SolutionConfigurationPlatforms) = preSolution
		Debug|Any CPU = Debug|Any CPU
		Debug|x64 = Debug|x64
		Release|Any CPU = Release|Any CPU
		Release|x64 = Release|x64
	EndGlobalSection
	GlobalSection(ProjectConfigurationPlatforms) = postSolution
		{5368CFB8-64D8-455A-B3FF-B55EAEDCC248}.Debug|Any CPU.ActiveCfg = Debug|Any CPU
		{5368CFB8-64D8-455A-B3FF-B55EAEDCC248}.Debug|Any CPU.Build.0 = Debug|Any CPU
		{5368CFB8-64D8-455A-B3FF-B55EAEDCC248}.Debug|x64.ActiveCfg = Debug|x64
		{5368CFB8-64D8-455A-B3FF-B55EAEDCC248}.Debug|x64.Build.0 = Debug|x64
		{5368CFB8-64D8-455A-B3FF-B55EAEDCC248}.Release|Any CPU.ActiveCfg = Release|Any CPU
		{5368CFB8-64D8-455A-B3FF-B55EAEDCC248}.Release|Any CPU.Build.0 = Release|Any CPU
		{5368CFB8-64D8-455A-B3FF-B55EAEDCC248}.Release|x64.ActiveCfg = Release|x64
		{5368CFB8-64D8-455A-B3FF-B55EAEDCC248}.Release|x64.Build.0 = Release|x64
		{FA82403D-7983-4D13-8518-57C16F92D849}.Debug|Any CPU.ActiveCfg = Debug|Any CPU
		{FA82403D-7983-4D13-8518-57C16F92D849}.Debug|Any CPU.Build.0 = Debug|Any CPU
		{FA82403D-7983-4D13-8518-57C16F92D849}.Debug|x64.ActiveCfg = Debug|x64
		{FA82403D-7983-4D13-8518-57C16F92D849}.Debug|x64.Build.0 = Debug|x64
		{FA82403D-7983-4D13-8518-57C16F92D849}.Release|Any CPU.ActiveCfg = Release|Any CPU
		{FA82403D-7983-4D13-8518-57C16F92D849}.Release|Any CPU.Build.0 = Release|Any CPU
		{FA82403D-7983-4D13-8518-57C16F92D849}.Release|x64.ActiveCfg = Release|x64
		{FA82403D-7983-4D13-8518-57C16F92D849}.Release|x64.Build.0 = Release|x64
		{703D79EC-CA06-4530-BC4A-33DC91BCDC9C}.Debug|Any CPU.ActiveCfg = Debug|Any CPU
		{703D79EC-CA06-4530-BC4A-33DC91BCDC9C}.Debug|Any CPU.Build.0 = Debug|Any CPU
		{703D79EC-CA06-4530-BC4A-33DC91BCDC9C}.Debug|x64.ActiveCfg = Debug|x64
		{703D79EC-CA06-4530-BC4A-33DC91BCDC9C}.Debug|x64.Build.0 = Debug|x64
		{703D79EC-CA06-4530-BC4A-33DC91BCDC9C}.Release|Any CPU.ActiveCfg = Release|Any CPU
		{703D79EC-CA06-4530-BC4A-33DC91BCDC9C}.Release|Any CPU.Build.0 = Release|Any CPU
		{703D79EC-CA06-4530-BC4A-33DC91BCDC9C}.Release|x64.ActiveCfg = Release|x64
		{703D79EC-CA06-4530-BC4A-33DC91BCDC9C}.Release|x64.Build.0 = Release|x64
		{6505CB68-40D1-459F-82D8-0D2D2A081BAE}.Debug|Any CPU.ActiveCfg = Debug|Any CPU
		{6505CB68-40D1-459F-82D8-0D2D2A081BAE}.Debug|Any CPU.Build.0 = Debug|Any CPU
		{6505CB68-40D1-459F-82D8-0D2D2A081BAE}.Debug|x64.ActiveCfg = Debug|x64
		{6505CB68-40D1-459F-82D8-0D2D2A081BAE}.Debug|x64.Build.0 = Debug|x64
		{6505CB68-40D1-459F-82D8-0D2D2A081BAE}.Release|Any CPU.ActiveCfg = Release|Any CPU
		{6505CB68-40D1-459F-82D8-0D2D2A081BAE}.Release|Any CPU.Build.0 = Release|Any CPU
		{6505CB68-40D1-459F-82D8-0D2D2A081BAE}.Release|x64.ActiveCfg = Release|x64
		{6505CB68-40D1-459F-82D8-0D2D2A081BAE}.Release|x64.Build.0 = Release|x64
	EndGlobalSection
	GlobalSection(SolutionProperties) = preSolution
		HideSolutionNode = FALSE
	EndGlobalSection
	GlobalSection(ExtensibilityGlobals) = postSolution
		SolutionGuid = {3BD9C47E-B8C8-468C-8F3D-54E568D15C53}
	EndGlobalSection
EndGlobal
