
Microsoft Visual Studio Solution File, Format Version 12.00
# Visual Studio 15
VisualStudioVersion = 15.0.28307.902
MinimumVisualStudioVersion = 10.0.40219.1
Project("{FAE04EC0-301F-11D3-BF4B-00C04F79EFBC}") = "PolyWars", "PolyWars\PolyWars.csproj", "{5368CFB8-64D8-455A-B3FF-B55EAEDCC248}"
EndProject
Project("{FAE04EC0-301F-11D3-BF4B-00C04F79EFBC}") = "PolyWars.FrameCalculator", "PolyWars.FrameCalculator\PolyWars.FrameCalculator.csproj", "{E0BAA3CD-FDFB-4DFD-BDD4-C5BCD408A189}"
EndProject
Global
	GlobalSection(SolutionConfigurationPlatforms) = preSolution
		Debug|Any CPU = Debug|Any CPU
		Release|Any CPU = Release|Any CPU
	EndGlobalSection
	GlobalSection(ProjectConfigurationPlatforms) = postSolution
		{5368CFB8-64D8-455A-B3FF-B55EAEDCC248}.Debug|Any CPU.ActiveCfg = Debug|Any CPU
		{5368CFB8-64D8-455A-B3FF-B55EAEDCC248}.Debug|Any CPU.Build.0 = Debug|Any CPU
		{5368CFB8-64D8-455A-B3FF-B55EAEDCC248}.Release|Any CPU.ActiveCfg = Release|Any CPU
		{5368CFB8-64D8-455A-B3FF-B55EAEDCC248}.Release|Any CPU.Build.0 = Release|Any CPU
		{E0BAA3CD-FDFB-4DFD-BDD4-C5BCD408A189}.Debug|Any CPU.ActiveCfg = Debug|Any CPU
		{E0BAA3CD-FDFB-4DFD-BDD4-C5BCD408A189}.Debug|Any CPU.Build.0 = Debug|Any CPU
		{E0BAA3CD-FDFB-4DFD-BDD4-C5BCD408A189}.Release|Any CPU.ActiveCfg = Release|Any CPU
		{E0BAA3CD-FDFB-4DFD-BDD4-C5BCD408A189}.Release|Any CPU.Build.0 = Release|Any CPU
	EndGlobalSection
	GlobalSection(SolutionProperties) = preSolution
		HideSolutionNode = FALSE
	EndGlobalSection
	GlobalSection(ExtensibilityGlobals) = postSolution
		SolutionGuid = {3BD9C47E-B8C8-468C-8F3D-54E568D15C53}
	EndGlobalSection
EndGlobal
